
Microsoft Visual Studio Solution File, Format Version 12.00
# Visual Studio 14
VisualStudioVersion = 14.0.25420.1
MinimumVisualStudioVersion = 10.0.40219.1
Project("{9092AA53-FB77-4645-B42D-1CCCA6BD08BD}") = "webapp", "webapp.njsproj", "{A5AF1B18-AEE7-4F49-BDE5-C6CC6C1988EC}"
EndProject
Global
	GlobalSection(SolutionConfigurationPlatforms) = preSolution
		Debug|Any CPU = Debug|Any CPU
		Release|Any CPU = Release|Any CPU
	EndGlobalSection
	GlobalSection(ProjectConfigurationPlatforms) = postSolution
		{A5AF1B18-AEE7-4F49-BDE5-C6CC6C1988EC}.Debug|Any CPU.ActiveCfg = Debug|Any CPU
		{A5AF1B18-AEE7-4F49-BDE5-C6CC6C1988EC}.Debug|Any CPU.Build.0 = Debug|Any CPU
		{A5AF1B18-AEE7-4F49-BDE5-C6CC6C1988EC}.Release|Any CPU.ActiveCfg = Release|Any CPU
		{A5AF1B18-AEE7-4F49-BDE5-C6CC6C1988EC}.Release|Any CPU.Build.0 = Release|Any CPU
	EndGlobalSection
	GlobalSection(SolutionProperties) = preSolution
		HideSolutionNode = FALSE
	EndGlobalSection
EndGlobal
