
Microsoft Visual Studio Solution File, Format Version 12.00
# Visual Studio 2013
VisualStudioVersion = 12.0.31101.0
MinimumVisualStudioVersion = 10.0.40219.1
Project("{8BC9CEB8-8B4A-11D0-8D11-00A0C91BC942}") = "oled_bmp180", "oled_bmp180.vcxproj", "{87675C7A-674A-4F6A-825D-0EEC91CDFC8B}"
EndProject
Global
	GlobalSection(SolutionConfigurationPlatforms) = preSolution
		Debug|Win32 = Debug|Win32
		Release|Win32 = Release|Win32
	EndGlobalSection
	GlobalSection(ProjectConfigurationPlatforms) = postSolution
		{87675C7A-674A-4F6A-825D-0EEC91CDFC8B}.Debug|Win32.ActiveCfg = Debug|Win32
		{87675C7A-674A-4F6A-825D-0EEC91CDFC8B}.Debug|Win32.Build.0 = Debug|Win32
		{87675C7A-674A-4F6A-825D-0EEC91CDFC8B}.Release|Win32.ActiveCfg = Release|Win32
		{87675C7A-674A-4F6A-825D-0EEC91CDFC8B}.Release|Win32.Build.0 = Release|Win32
	EndGlobalSection
	GlobalSection(SolutionProperties) = preSolution
		HideSolutionNode = FALSE
	EndGlobalSection
EndGlobal
